
Microsoft Visual Studio Solution File, Format Version 12.00
# Visual Studio Version 17
VisualStudioVersion = 17.1.32421.90
MinimumVisualStudioVersion = 10.0.40219.1
Project("{9A19103F-16F7-4668-BE54-9A1E7A4F7556}") = "GroupManager", "GroupManager.csproj", "{FDF340C9-FA31-4D49-97FE-E15C34509C54}"
EndProject
Global
	GlobalSection(SolutionConfigurationPlatforms) = preSolution
		Debug|Any CPU = Debug|Any CPU
		Release|Any CPU = Release|Any CPU
	EndGlobalSection
	GlobalSection(ProjectConfigurationPlatforms) = postSolution
		{FDF340C9-FA31-4D49-97FE-E15C34509C54}.Debug|Any CPU.ActiveCfg = Debug|Any CPU
		{FDF340C9-FA31-4D49-97FE-E15C34509C54}.Debug|Any CPU.Build.0 = Debug|Any CPU
		{FDF340C9-FA31-4D49-97FE-E15C34509C54}.Release|Any CPU.ActiveCfg = Release|Any CPU
		{FDF340C9-FA31-4D49-97FE-E15C34509C54}.Release|Any CPU.Build.0 = Release|Any CPU
	EndGlobalSection
	GlobalSection(SolutionProperties) = preSolution
		HideSolutionNode = FALSE
	EndGlobalSection
	GlobalSection(ExtensibilityGlobals) = postSolution
		SolutionGuid = {B86866C4-6BCA-4EC9-8955-D02EAEF0E18F}
	EndGlobalSection
EndGlobal
